
Microsoft Visual Studio Solution File, Format Version 12.00
# Visual Studio 15
VisualStudioVersion = 15.0.28307.1800
MinimumVisualStudioVersion = 10.0.40219.1
Project("{FAE04EC0-301F-11D3-BF4B-00C04F79EFBC}") = "test", "test\test.csproj", "{227443E2-0459-4F1C-B6B0-480BE7868529}"
EndProject
Global
	GlobalSection(SolutionConfigurationPlatforms) = preSolution
		Debug|Any CPU = Debug|Any CPU
		Release|Any CPU = Release|Any CPU
	EndGlobalSection
	GlobalSection(ProjectConfigurationPlatforms) = postSolution
		{227443E2-0459-4F1C-B6B0-480BE7868529}.Debug|Any CPU.ActiveCfg = Debug|Any CPU
		{227443E2-0459-4F1C-B6B0-480BE7868529}.Debug|Any CPU.Build.0 = Debug|Any CPU
		{227443E2-0459-4F1C-B6B0-480BE7868529}.Release|Any CPU.ActiveCfg = Release|Any CPU
		{227443E2-0459-4F1C-B6B0-480BE7868529}.Release|Any CPU.Build.0 = Release|Any CPU
	EndGlobalSection
	GlobalSection(SolutionProperties) = preSolution
		HideSolutionNode = FALSE
	EndGlobalSection
	GlobalSection(ExtensibilityGlobals) = postSolution
		SolutionGuid = {4155145E-219B-4F44-A2D9-62D7F8A4D2A7}
	EndGlobalSection
EndGlobal
